
Microsoft Visual Studio Solution File, Format Version 12.00
# Visual Studio Version 16
VisualStudioVersion = 16.0.30717.126
MinimumVisualStudioVersion = 10.0.40219.1
Project("{FAE04EC0-301F-11D3-BF4B-00C04F79EFBC}") = "EmployeeManagement.Models", "EmployeeManagement.Models\EmployeeManagement.Models.csproj", "{BE21A425-5547-4E3E-B827-A84C23F01D15}"
EndProject
Project("{FAE04EC0-301F-11D3-BF4B-00C04F79EFBC}") = "EmployeeManagement.Web", "EmployeeManagement.Web\EmployeeManagement.Web.csproj", "{7D5018C6-8DC1-49CB-AA82-5A6C99F2B4DE}"
EndProject
Project("{FAE04EC0-301F-11D3-BF4B-00C04F79EFBC}") = "EmployeeManagement.Api", "EmployeeManagement.Api\EmployeeManagement.Api.csproj", "{A381010D-826C-4F84-8274-C3D867A1C73B}"
EndProject
Global
	GlobalSection(SolutionConfigurationPlatforms) = preSolution
		Debug|Any CPU = Debug|Any CPU
		Release|Any CPU = Release|Any CPU
	EndGlobalSection
	GlobalSection(ProjectConfigurationPlatforms) = postSolution
		{BE21A425-5547-4E3E-B827-A84C23F01D15}.Debug|Any CPU.ActiveCfg = Debug|Any CPU
		{BE21A425-5547-4E3E-B827-A84C23F01D15}.Debug|Any CPU.Build.0 = Debug|Any CPU
		{BE21A425-5547-4E3E-B827-A84C23F01D15}.Release|Any CPU.ActiveCfg = Release|Any CPU
		{BE21A425-5547-4E3E-B827-A84C23F01D15}.Release|Any CPU.Build.0 = Release|Any CPU
		{7D5018C6-8DC1-49CB-AA82-5A6C99F2B4DE}.Debug|Any CPU.ActiveCfg = Debug|Any CPU
		{7D5018C6-8DC1-49CB-AA82-5A6C99F2B4DE}.Debug|Any CPU.Build.0 = Debug|Any CPU
		{7D5018C6-8DC1-49CB-AA82-5A6C99F2B4DE}.Release|Any CPU.ActiveCfg = Release|Any CPU
		{7D5018C6-8DC1-49CB-AA82-5A6C99F2B4DE}.Release|Any CPU.Build.0 = Release|Any CPU
		{A381010D-826C-4F84-8274-C3D867A1C73B}.Debug|Any CPU.ActiveCfg = Debug|Any CPU
		{A381010D-826C-4F84-8274-C3D867A1C73B}.Debug|Any CPU.Build.0 = Debug|Any CPU
		{A381010D-826C-4F84-8274-C3D867A1C73B}.Release|Any CPU.ActiveCfg = Release|Any CPU
		{A381010D-826C-4F84-8274-C3D867A1C73B}.Release|Any CPU.Build.0 = Release|Any CPU
	EndGlobalSection
	GlobalSection(SolutionProperties) = preSolution
		HideSolutionNode = FALSE
	EndGlobalSection
	GlobalSection(ExtensibilityGlobals) = postSolution
		SolutionGuid = {0428D391-7156-4945-BAFA-6EEFD1D862BF}
	EndGlobalSection
EndGlobal
